{
  "nodes": {
    "flake-utils": {
      "locked": {
        "lastModified": 1618217525,
        "narHash": "sha256-WGrhVczjXTiswQaoxQ+0PTfbLNeOQM6M36zvLn78AYg=",
        "owner": "numtide",
        "repo": "flake-utils",
        "rev": "c6169a2772643c4a93a0b5ac1c61e296cba68544",
        "type": "github"
      },
      "original": {
        "owner": "numtide",
        "repo": "flake-utils",
        "type": "github"
      }
    },
    "nixos": {
      "locked": {
        "lastModified": 1625692408,
        "narHash": "sha256-e9L3TLLDVIJpMnHtiNHJE62oOh6emRtSZ244bgYJUZs=",
        "owner": "NixOS",
        "repo": "nixpkgs",
        "rev": "c06613c25df3fe1dd26243847a3c105cf6770627",
        "type": "github"
      },
      "original": {
        "owner": "NixOS",
        "ref": "nixos-21.05",
        "repo": "nixpkgs",
        "type": "github"
      }
    },
    "nixos-master": {
      "locked": {
        "lastModified": 1625834670,
        "narHash": "sha256-rf82rQHbP4O9JpLHZTmGyJP3LhO8Eh6hhVp8I6J236k=",
        "owner": "NixOS",
        "repo": "nixpkgs",
        "rev": "89d0555568a1a21c95a5a8bcbf6180faa89b9ab6",
        "type": "github"
      },
      "original": {
        "owner": "NixOS",
        "ref": "master",
        "repo": "nixpkgs",
        "type": "github"
      }
    },
    "nixos-unstable": {
      "locked": {
        "lastModified": 1625697353,
        "narHash": "sha256-/v85RkZ0Z+lxipkG2sjYNRINktc8VySbLQmPbirY0hQ=",
        "owner": "NixOS",
        "repo": "nixpkgs",
        "rev": "87807e64a5ef5206b745a40af118c7be8db73681",
        "type": "github"
      },
      "original": {
        "owner": "NixOS",
        "ref": "nixos-unstable",
        "repo": "nixpkgs",
        "type": "github"
      }
    },
    "root": {
      "inputs": {
        "nixos": "nixos",
        "nixos-master": "nixos-master",
        "nixos-unstable": "nixos-unstable",
        "utils": "utils"
      }
    },
    "utils": {
      "inputs": {
        "flake-utils": "flake-utils"
      },
      "locked": {
        "lastModified": 1619358717,
        "narHash": "sha256-FkEOIW82ClvUBtD8aqPediM8FERldsOyjPIyapVa65I=",
        "owner": "gytis-ivaskevicius",
        "repo": "flake-utils-plus",
        "rev": "e7ae270a23695b50fbb6b72759a7fb1e3340ca86",
        "type": "github"
      },
      "original": {
        "owner": "gytis-ivaskevicius",
        "repo": "flake-utils-plus",
        "type": "github"
      }
    }
  },
  "root": "root",
  "version": 7
}
